
Microsoft Visual Studio Solution File, Format Version 12.00
# Visual Studio 15
VisualStudioVersion = 15.0.28307.645
MinimumVisualStudioVersion = 10.0.40219.1
Project("{FAE04EC0-301F-11D3-BF4B-00C04F79EFBC}") = "Yogalates.Web", "Yogalates.Web\Yogalates.Web.csproj", "{1286DA20-9F73-40FF-9861-D0EB8DD93BDD}"
EndProject
Global
	GlobalSection(SolutionConfigurationPlatforms) = preSolution
		Debug|Any CPU = Debug|Any CPU
		Release|Any CPU = Release|Any CPU
	EndGlobalSection
	GlobalSection(ProjectConfigurationPlatforms) = postSolution
		{1286DA20-9F73-40FF-9861-D0EB8DD93BDD}.Debug|Any CPU.ActiveCfg = Debug|Any CPU
		{1286DA20-9F73-40FF-9861-D0EB8DD93BDD}.Debug|Any CPU.Build.0 = Debug|Any CPU
		{1286DA20-9F73-40FF-9861-D0EB8DD93BDD}.Release|Any CPU.ActiveCfg = Release|Any CPU
		{1286DA20-9F73-40FF-9861-D0EB8DD93BDD}.Release|Any CPU.Build.0 = Release|Any CPU
	EndGlobalSection
	GlobalSection(SolutionProperties) = preSolution
		HideSolutionNode = FALSE
	EndGlobalSection
	GlobalSection(ExtensibilityGlobals) = postSolution
		SolutionGuid = {7D28006E-8A81-45A5-B738-A483EE4A4F30}
	EndGlobalSection
EndGlobal
